
Microsoft Visual Studio Solution File, Format Version 12.00
# Visual Studio Version 17
VisualStudioVersion = 17.8.34601.278
MinimumVisualStudioVersion = 10.0.40219.1
Project("{9A19103F-16F7-4668-BE54-9A1E7A4F7556}") = "FingerTrainer", "FingerTrainer\FingerTrainer.csproj", "{4FC0C335-C5B0-4018-B57F-4651ECBC7935}"
EndProject
Project("{9A19103F-16F7-4668-BE54-9A1E7A4F7556}") = "JoyTesterApp", "JoyTesterApp\JoyTesterApp.csproj", "{CA59FA8E-35E5-40FB-89E7-355F694225E2}"
EndProject
Global
	GlobalSection(SolutionConfigurationPlatforms) = preSolution
		Debug|Any CPU = Debug|Any CPU
		Release|Any CPU = Release|Any CPU
	EndGlobalSection
	GlobalSection(ProjectConfigurationPlatforms) = postSolution
		{4FC0C335-C5B0-4018-B57F-4651ECBC7935}.Debug|Any CPU.ActiveCfg = Debug|Any CPU
		{4FC0C335-C5B0-4018-B57F-4651ECBC7935}.Debug|Any CPU.Build.0 = Debug|Any CPU
		{4FC0C335-C5B0-4018-B57F-4651ECBC7935}.Release|Any CPU.ActiveCfg = Release|Any CPU
		{4FC0C335-C5B0-4018-B57F-4651ECBC7935}.Release|Any CPU.Build.0 = Release|Any CPU
		{CA59FA8E-35E5-40FB-89E7-355F694225E2}.Debug|Any CPU.ActiveCfg = Debug|Any CPU
		{CA59FA8E-35E5-40FB-89E7-355F694225E2}.Debug|Any CPU.Build.0 = Debug|Any CPU
		{CA59FA8E-35E5-40FB-89E7-355F694225E2}.Release|Any CPU.ActiveCfg = Release|Any CPU
		{CA59FA8E-35E5-40FB-89E7-355F694225E2}.Release|Any CPU.Build.0 = Release|Any CPU
	EndGlobalSection
	GlobalSection(SolutionProperties) = preSolution
		HideSolutionNode = FALSE
	EndGlobalSection
	GlobalSection(ExtensibilityGlobals) = postSolution
		SolutionGuid = {F365033A-7533-46BC-8A8E-8BEBE161F7BA}
	EndGlobalSection
EndGlobal
